
Microsoft Visual Studio Solution File, Format Version 12.00
# Visual Studio Version 17
VisualStudioVersion = 17.1.32414.318
MinimumVisualStudioVersion = 10.0.40219.1
Project("{FAE04EC0-301F-11D3-BF4B-00C04F79EFBC}") = "BankMS", "BankMS\BankMS.csproj", "{3344F9C3-5DDC-438C-A33D-4D8C07274B8E}"
EndProject
Global
	GlobalSection(SolutionConfigurationPlatforms) = preSolution
		Debug|Any CPU = Debug|Any CPU
		Release|Any CPU = Release|Any CPU
	EndGlobalSection
	GlobalSection(ProjectConfigurationPlatforms) = postSolution
		{3344F9C3-5DDC-438C-A33D-4D8C07274B8E}.Debug|Any CPU.ActiveCfg = Debug|Any CPU
		{3344F9C3-5DDC-438C-A33D-4D8C07274B8E}.Debug|Any CPU.Build.0 = Debug|Any CPU
		{3344F9C3-5DDC-438C-A33D-4D8C07274B8E}.Release|Any CPU.ActiveCfg = Release|Any CPU
		{3344F9C3-5DDC-438C-A33D-4D8C07274B8E}.Release|Any CPU.Build.0 = Release|Any CPU
	EndGlobalSection
	GlobalSection(SolutionProperties) = preSolution
		HideSolutionNode = FALSE
	EndGlobalSection
	GlobalSection(ExtensibilityGlobals) = postSolution
		SolutionGuid = {A5EF75B5-B10A-4DC6-9692-2BD0F2E5306C}
	EndGlobalSection
EndGlobal
